%{"floki": {:hex, :floki, "0.3.2"},
  "httpotion": {:hex, :httpotion, "2.1.0"},
  "ibrowse": {:git, "git://github.com/cmullaparthi/ibrowse.git", "d2e369ff42666c3574b8b7ec26f69027895c4d94", [tag: "v4.1.1"]},
  "json": {:hex, :json, "0.3.2"},
  "mochiweb": {:hex, :mochiweb, "2.12.2"},
  "poison": {:hex, :poison, "1.4.0"}}
